
Microsoft Visual Studio Solution File, Format Version 11.00
# Visual Studio 2010
Project("{FAE04EC0-301F-11D3-BF4B-00C04F79EFBC}") = "CinderellaLauncher", "CinderellaLauncher\CinderellaLauncher.csproj", "{94F24594-F4D7-4247-8A1F-F3640D5A74E0}"
EndProject
Project("{FAE04EC0-301F-11D3-BF4B-00C04F79EFBC}") = "BusinessLogic", "BusinessLogic\BusinessLogic.csproj", "{9C798138-7525-456D-B328-FFBF54091259}"
EndProject
Project("{FAE04EC0-301F-11D3-BF4B-00C04F79EFBC}") = "MatchMakingDB", "MatchMakingDB\MatchMakingDB.csproj", "{ACA8AAFA-E84C-47C2-9380-70363AF471A8}"
EndProject
Project("{FAE04EC0-301F-11D3-BF4B-00C04F79EFBC}") = "Chat_Server", "Chat_Server\Chat_Server.csproj", "{47929ECE-DED7-4199-A1CF-83D8CE5BF8A8}"
EndProject
Global
	GlobalSection(SolutionConfigurationPlatforms) = preSolution
		Debug|Any CPU = Debug|Any CPU
		Debug|Mixed Platforms = Debug|Mixed Platforms
		Debug|x86 = Debug|x86
		Release|Any CPU = Release|Any CPU
		Release|Mixed Platforms = Release|Mixed Platforms
		Release|x86 = Release|x86
	EndGlobalSection
	GlobalSection(ProjectConfigurationPlatforms) = postSolution
		{94F24594-F4D7-4247-8A1F-F3640D5A74E0}.Debug|Any CPU.ActiveCfg = Debug|x86
		{94F24594-F4D7-4247-8A1F-F3640D5A74E0}.Debug|Mixed Platforms.ActiveCfg = Debug|x86
		{94F24594-F4D7-4247-8A1F-F3640D5A74E0}.Debug|Mixed Platforms.Build.0 = Debug|x86
		{94F24594-F4D7-4247-8A1F-F3640D5A74E0}.Debug|x86.ActiveCfg = Debug|x86
		{94F24594-F4D7-4247-8A1F-F3640D5A74E0}.Debug|x86.Build.0 = Debug|x86
		{94F24594-F4D7-4247-8A1F-F3640D5A74E0}.Release|Any CPU.ActiveCfg = Release|x86
		{94F24594-F4D7-4247-8A1F-F3640D5A74E0}.Release|Mixed Platforms.ActiveCfg = Release|x86
		{94F24594-F4D7-4247-8A1F-F3640D5A74E0}.Release|Mixed Platforms.Build.0 = Release|x86
		{94F24594-F4D7-4247-8A1F-F3640D5A74E0}.Release|x86.ActiveCfg = Release|x86
		{94F24594-F4D7-4247-8A1F-F3640D5A74E0}.Release|x86.Build.0 = Release|x86
		{9C798138-7525-456D-B328-FFBF54091259}.Debug|Any CPU.ActiveCfg = Debug|Any CPU
		{9C798138-7525-456D-B328-FFBF54091259}.Debug|Any CPU.Build.0 = Debug|Any CPU
		{9C798138-7525-456D-B328-FFBF54091259}.Debug|Mixed Platforms.ActiveCfg = Debug|Any CPU
		{9C798138-7525-456D-B328-FFBF54091259}.Debug|Mixed Platforms.Build.0 = Debug|Any CPU
		{9C798138-7525-456D-B328-FFBF54091259}.Debug|x86.ActiveCfg = Debug|Any CPU
		{9C798138-7525-456D-B328-FFBF54091259}.Release|Any CPU.ActiveCfg = Release|Any CPU
		{9C798138-7525-456D-B328-FFBF54091259}.Release|Any CPU.Build.0 = Release|Any CPU
		{9C798138-7525-456D-B328-FFBF54091259}.Release|Mixed Platforms.ActiveCfg = Release|Any CPU
		{9C798138-7525-456D-B328-FFBF54091259}.Release|Mixed Platforms.Build.0 = Release|Any CPU
		{9C798138-7525-456D-B328-FFBF54091259}.Release|x86.ActiveCfg = Release|Any CPU
		{ACA8AAFA-E84C-47C2-9380-70363AF471A8}.Debug|Any CPU.ActiveCfg = Debug|x86
		{ACA8AAFA-E84C-47C2-9380-70363AF471A8}.Debug|Mixed Platforms.ActiveCfg = Debug|x86
		{ACA8AAFA-E84C-47C2-9380-70363AF471A8}.Debug|Mixed Platforms.Build.0 = Debug|x86
		{ACA8AAFA-E84C-47C2-9380-70363AF471A8}.Debug|x86.ActiveCfg = Debug|x86
		{ACA8AAFA-E84C-47C2-9380-70363AF471A8}.Debug|x86.Build.0 = Debug|x86
		{ACA8AAFA-E84C-47C2-9380-70363AF471A8}.Release|Any CPU.ActiveCfg = Release|x86
		{ACA8AAFA-E84C-47C2-9380-70363AF471A8}.Release|Mixed Platforms.ActiveCfg = Release|x86
		{ACA8AAFA-E84C-47C2-9380-70363AF471A8}.Release|Mixed Platforms.Build.0 = Release|x86
		{ACA8AAFA-E84C-47C2-9380-70363AF471A8}.Release|x86.ActiveCfg = Release|x86
		{ACA8AAFA-E84C-47C2-9380-70363AF471A8}.Release|x86.Build.0 = Release|x86
		{47929ECE-DED7-4199-A1CF-83D8CE5BF8A8}.Debug|Any CPU.ActiveCfg = Debug|x86
		{47929ECE-DED7-4199-A1CF-83D8CE5BF8A8}.Debug|Mixed Platforms.ActiveCfg = Debug|x86
		{47929ECE-DED7-4199-A1CF-83D8CE5BF8A8}.Debug|Mixed Platforms.Build.0 = Debug|x86
		{47929ECE-DED7-4199-A1CF-83D8CE5BF8A8}.Debug|x86.ActiveCfg = Debug|x86
		{47929ECE-DED7-4199-A1CF-83D8CE5BF8A8}.Debug|x86.Build.0 = Debug|x86
		{47929ECE-DED7-4199-A1CF-83D8CE5BF8A8}.Release|Any CPU.ActiveCfg = Release|x86
		{47929ECE-DED7-4199-A1CF-83D8CE5BF8A8}.Release|Mixed Platforms.ActiveCfg = Release|x86
		{47929ECE-DED7-4199-A1CF-83D8CE5BF8A8}.Release|Mixed Platforms.Build.0 = Release|x86
		{47929ECE-DED7-4199-A1CF-83D8CE5BF8A8}.Release|x86.ActiveCfg = Release|x86
		{47929ECE-DED7-4199-A1CF-83D8CE5BF8A8}.Release|x86.Build.0 = Release|x86
	EndGlobalSection
	GlobalSection(SolutionProperties) = preSolution
		HideSolutionNode = FALSE
	EndGlobalSection
EndGlobal
